
Microsoft Visual Studio Solution File, Format Version 12.00
# Visual Studio Version 16
VisualStudioVersion = 16.0.31105.61
MinimumVisualStudioVersion = 10.0.40219.1
Project("{FAE04EC0-301F-11D3-BF4B-00C04F79EFBC}") = "HelloAzure", "HelloAzure\HelloAzure.csproj", "{EC97F6A8-DEAB-440F-8E2D-32B7EDF7D377}"
EndProject
Project("{FAE04EC0-301F-11D3-BF4B-00C04F79EFBC}") = "TestHello", "TestHello\TestHello.csproj", "{161C80C4-1867-410D-8B80-281518DDFEC1}"
EndProject
Global
	GlobalSection(SolutionConfigurationPlatforms) = preSolution
		Debug|Any CPU = Debug|Any CPU
		Release|Any CPU = Release|Any CPU
	EndGlobalSection
	GlobalSection(ProjectConfigurationPlatforms) = postSolution
		{EC97F6A8-DEAB-440F-8E2D-32B7EDF7D377}.Debug|Any CPU.ActiveCfg = Debug|Any CPU
		{EC97F6A8-DEAB-440F-8E2D-32B7EDF7D377}.Debug|Any CPU.Build.0 = Debug|Any CPU
		{EC97F6A8-DEAB-440F-8E2D-32B7EDF7D377}.Release|Any CPU.ActiveCfg = Release|Any CPU
		{EC97F6A8-DEAB-440F-8E2D-32B7EDF7D377}.Release|Any CPU.Build.0 = Release|Any CPU
		{161C80C4-1867-410D-8B80-281518DDFEC1}.Debug|Any CPU.ActiveCfg = Debug|Any CPU
		{161C80C4-1867-410D-8B80-281518DDFEC1}.Debug|Any CPU.Build.0 = Debug|Any CPU
		{161C80C4-1867-410D-8B80-281518DDFEC1}.Release|Any CPU.ActiveCfg = Release|Any CPU
		{161C80C4-1867-410D-8B80-281518DDFEC1}.Release|Any CPU.Build.0 = Release|Any CPU
	EndGlobalSection
	GlobalSection(SolutionProperties) = preSolution
		HideSolutionNode = FALSE
	EndGlobalSection
	GlobalSection(ExtensibilityGlobals) = postSolution
		SolutionGuid = {531D1E7F-2BEE-44E1-8A31-7E4663BD8823}
	EndGlobalSection
EndGlobal
